
Microsoft Visual Studio Solution File, Format Version 12.00
# Visual Studio Version 17
VisualStudioVersion = 17.3.32819.101
MinimumVisualStudioVersion = 10.0.40219.1
Project("{FAE04EC0-301F-11D3-BF4B-00C04F79EFBC}") = "L15_SBLG_1104822", "L15_SBLG_1104822\L15_SBLG_1104822.csproj", "{D4325B15-6C96-4FD5-BA41-0D159CA7DFF9}"
EndProject
Global
	GlobalSection(SolutionConfigurationPlatforms) = preSolution
		Debug|Any CPU = Debug|Any CPU
		Release|Any CPU = Release|Any CPU
	EndGlobalSection
	GlobalSection(ProjectConfigurationPlatforms) = postSolution
		{D4325B15-6C96-4FD5-BA41-0D159CA7DFF9}.Debug|Any CPU.ActiveCfg = Debug|Any CPU
		{D4325B15-6C96-4FD5-BA41-0D159CA7DFF9}.Debug|Any CPU.Build.0 = Debug|Any CPU
		{D4325B15-6C96-4FD5-BA41-0D159CA7DFF9}.Release|Any CPU.ActiveCfg = Release|Any CPU
		{D4325B15-6C96-4FD5-BA41-0D159CA7DFF9}.Release|Any CPU.Build.0 = Release|Any CPU
	EndGlobalSection
	GlobalSection(SolutionProperties) = preSolution
		HideSolutionNode = FALSE
	EndGlobalSection
	GlobalSection(ExtensibilityGlobals) = postSolution
		SolutionGuid = {F3A4FDED-EBD7-4C07-A60D-848004100C30}
	EndGlobalSection
EndGlobal
